
Microsoft Visual Studio Solution File, Format Version 12.00
# Visual Studio Version 17
VisualStudioVersion = 17.2.32519.379
MinimumVisualStudioVersion = 10.0.40219.1
Project("{9A19103F-16F7-4668-BE54-9A1E7A4F7556}") = "BusinessObject", "BusinessObject\BusinessObject.csproj", "{98FDA5CD-0A0A-40AD-997A-122D1ED5A123}"
EndProject
Project("{9A19103F-16F7-4668-BE54-9A1E7A4F7556}") = "DataAccess", "DataAccess\DataAccess.csproj", "{BE469C1C-00DC-49FD-8DF9-5A0D005FED34}"
EndProject
Project("{9A19103F-16F7-4668-BE54-9A1E7A4F7556}") = "Repository", "Repository\Repository.csproj", "{1D237B2D-92F7-429C-8D74-ACED0DD2F4DF}"
EndProject
Project("{9A19103F-16F7-4668-BE54-9A1E7A4F7556}") = "ClinicApi", "ClinicApi\ClinicApi.csproj", "{09165F3B-3FAD-402C-A996-C58CF8BB7154}"
EndProject
Project("{FAE04EC0-301F-11D3-BF4B-00C04F79EFBC}") = "WebClient", "WebClient\WebClient.csproj", "{5FFC5128-91F6-4A00-B9AD-3F0ED5BFB92A}"
EndProject
Global
	GlobalSection(SolutionConfigurationPlatforms) = preSolution
		Debug|Any CPU = Debug|Any CPU
		Release|Any CPU = Release|Any CPU
	EndGlobalSection
	GlobalSection(ProjectConfigurationPlatforms) = postSolution
		{98FDA5CD-0A0A-40AD-997A-122D1ED5A123}.Debug|Any CPU.ActiveCfg = Debug|Any CPU
		{98FDA5CD-0A0A-40AD-997A-122D1ED5A123}.Debug|Any CPU.Build.0 = Debug|Any CPU
		{98FDA5CD-0A0A-40AD-997A-122D1ED5A123}.Release|Any CPU.ActiveCfg = Release|Any CPU
		{98FDA5CD-0A0A-40AD-997A-122D1ED5A123}.Release|Any CPU.Build.0 = Release|Any CPU
		{BE469C1C-00DC-49FD-8DF9-5A0D005FED34}.Debug|Any CPU.ActiveCfg = Debug|Any CPU
		{BE469C1C-00DC-49FD-8DF9-5A0D005FED34}.Debug|Any CPU.Build.0 = Debug|Any CPU
		{BE469C1C-00DC-49FD-8DF9-5A0D005FED34}.Release|Any CPU.ActiveCfg = Release|Any CPU
		{BE469C1C-00DC-49FD-8DF9-5A0D005FED34}.Release|Any CPU.Build.0 = Release|Any CPU
		{1D237B2D-92F7-429C-8D74-ACED0DD2F4DF}.Debug|Any CPU.ActiveCfg = Debug|Any CPU
		{1D237B2D-92F7-429C-8D74-ACED0DD2F4DF}.Debug|Any CPU.Build.0 = Debug|Any CPU
		{1D237B2D-92F7-429C-8D74-ACED0DD2F4DF}.Release|Any CPU.ActiveCfg = Release|Any CPU
		{1D237B2D-92F7-429C-8D74-ACED0DD2F4DF}.Release|Any CPU.Build.0 = Release|Any CPU
		{09165F3B-3FAD-402C-A996-C58CF8BB7154}.Debug|Any CPU.ActiveCfg = Debug|Any CPU
		{09165F3B-3FAD-402C-A996-C58CF8BB7154}.Debug|Any CPU.Build.0 = Debug|Any CPU
		{09165F3B-3FAD-402C-A996-C58CF8BB7154}.Release|Any CPU.ActiveCfg = Release|Any CPU
		{09165F3B-3FAD-402C-A996-C58CF8BB7154}.Release|Any CPU.Build.0 = Release|Any CPU
		{5FFC5128-91F6-4A00-B9AD-3F0ED5BFB92A}.Debug|Any CPU.ActiveCfg = Debug|Any CPU
		{5FFC5128-91F6-4A00-B9AD-3F0ED5BFB92A}.Debug|Any CPU.Build.0 = Debug|Any CPU
		{5FFC5128-91F6-4A00-B9AD-3F0ED5BFB92A}.Release|Any CPU.ActiveCfg = Release|Any CPU
		{5FFC5128-91F6-4A00-B9AD-3F0ED5BFB92A}.Release|Any CPU.Build.0 = Release|Any CPU
	EndGlobalSection
	GlobalSection(SolutionProperties) = preSolution
		HideSolutionNode = FALSE
	EndGlobalSection
	GlobalSection(ExtensibilityGlobals) = postSolution
		SolutionGuid = {3451C9DD-4407-4AF5-B6B8-3CB1BAD06357}
	EndGlobalSection
EndGlobal
